lockfileVersion: '9.0'

settings:
  autoInstallPeers: true
  excludeLinksFromLockfile: false

importers:

  .:
    dependencies:
      '@zip.js/zip.js':
        specifier: 2.22.0
        version: 2.22.0
      naga-wasm:
        specifier: 30.2.0
        version: 30.2.0
    devDependencies:
      '@playwright/test':
        specifier: 1.58.2
        version: 1.58.2
      '@webgpu/types':
        specifier: 0.1.69
        version: 0.1.69
      typescript:
        specifier: 5.9.3
        version: 5.9.3

packages:

  '@playwright/test@1.58.2':
    resolution: {integrity: sha512-akea+6bHYBBfA9uQqSYmlJXn61cTa+jbO87xVLCWbTqbWadRVmhxlXATaOjOgcBaWU4ePo0wB41KMFv3o35IXA==}
    engines: {node: '>=18'}
    hasBin: true

  '@webgpu/types@0.1.69':
    resolution: {integrity: sha512-RPmm6kgRbI8e98zSD3RVACvnuktIja5+yLgDAkTmxLr90BEwdTXRQWNLF3ETTTyH/8mKhznZuN5AveXYFEsMGQ==}

  '@zip.js/zip.js@2.22.0':
    resolution: {integrity: sha512-QgkA+BSEPNR0C2l6xbSu5HDXieUxiuDK+Jx4ZeZlp22QO/qRUIF6JRXdxh4WlLiQUmnE/9aaGerlni+OY81wqg==}
    engines: {bun: '>=0.7.0', deno: '>=1.0.0', node: '>=18.0.0'}

  fsevents@2.3.2:
    resolution: {integrity: sha512-xiqMQR4xAeHTuB9uWm+fFRcIOgKBMiOBP+eXiyT7jsgVCq1bkVygt00oASowB7EdtpOHaaPgKt812P9ab+DDKA==}
    engines: {node: ^8.16.0 || ^10.6.0 || >=11.0.0}
    os: [darwin]

  naga-wasm@30.2.0:
    resolution: {integrity: sha512-TNKjybMep7dUtmslyueiXMhZLa8Tr432/v0XUcbRfip0gb9liiiynoX8iLNcOkqK/8LaIoG+8HEy4LE6/y8R1w==}
    engines: {node: '>=24.12'}

  playwright-core@1.58.2:
    resolution: {integrity: sha512-yZkEtftgwS8CsfYo7nm0KE8jsvm6i/PTgVtB8DL726wNf6H2IMsDuxCpJj59KDaxCtSnrWan2AeDqM7JBaultg==}
    engines: {node: '>=18'}
    hasBin: true

  playwright@1.58.2:
    resolution: {integrity: sha512-vA30H8Nvkq/cPBnNw4Q8TWz1EJyqgpuinBcHET0YVJVFldr8JDNiU9LaWAE1KqSkRYazuaBhTpB5ZzShOezQ6A==}
    engines: {node: '>=18'}
    hasBin: true

  typescript@5.9.3:
    resolution: {integrity: sha512-jl1vZzPDinLr9eUt3J/t7V6FgNEw9QjvBPdysz9KfQDD41fQrC2Y4vKQdiaUpFT4bXlb1RHhLpp8wtm6M5TgSw==}
    engines: {node: '>=14.17'}
    hasBin: true

snapshots:

  '@playwright/test@1.58.2':
    dependencies:
      playwright: 1.58.2

  '@webgpu/types@0.1.69': {}

  '@zip.js/zip.js@2.22.0': {}

  fsevents@2.3.2:
    optional: true

  naga-wasm@30.2.0: {}

  playwright-core@1.58.2: {}

  playwright@1.58.2:
    dependencies:
      playwright-core: 1.58.2
    optionalDependencies:
      fsevents: 2.3.2

  typescript@5.9.3: {}
